Microsoft Visual Studio Solution File, Format Version 11.00
# Visual Studio 2008

Project("{5B5093C3-D84C-2C85-3B84-39A06301CA66}") = "northmen", "Assembly-CSharp.csproj", "{EC269A21-E0F5-F2EF-1E0F-BB9F69205873}"
EndProject
Global
	GlobalSection(SolutionConfigurationPlatforms) = preSolution
		Debug|Any CPU = Debug|Any CPU
		Release|Any CPU = Release|Any CPU
	EndGlobalSection
	GlobalSection(ProjectConfigurationPlatforms) = postSolution
		{EC269A21-E0F5-F2EF-1E0F-BB9F69205873}.Debug|Any CPU.ActiveCfg = Debug|Any CPU
		{EC269A21-E0F5-F2EF-1E0F-BB9F69205873}.Debug|Any CPU.Build.0 = Debug|Any CPU
		{EC269A21-E0F5-F2EF-1E0F-BB9F69205873}.Release|Any CPU.ActiveCfg = Release|Any CPU
		{EC269A21-E0F5-F2EF-1E0F-BB9F69205873}.Release|Any CPU.Build.0 = Release|Any CPU
	EndGlobalSection
	GlobalSection(SolutionProperties) = preSolution
		HideSolutionNode = FALSE
	EndGlobalSection
	GlobalSection(MonoDevelopProperties) = preSolution
		StartupItem = Assembly-CSharp.csproj
	EndGlobalSection
EndGlobal
